{
  "requires": true,
  "lockfileVersion": 1,
  "dependencies": {
    "lodash": {
      "version": "4.17.21",
      "resolved": "https://registry.npmjs.org/lodash/-/lodash-4.17.21.tgz",
      "integrity": "sha512-v2kDEe57lecTulaDIuNTPy3Ry4gLGJ6Z1O3vE1krgXZNrsQ+LFTGHVxVjcXPs17LhbZVGedAJv8XZ1tvj5FvSg=="
    },
    "midiutils": {
      "version": "0.0.4",
      "resolved": "https://registry.npmjs.org/midiutils/-/midiutils-0.0.4.tgz",
      "integrity": "sha1-TkKQC8RW1lzx33zgxX9wANjiimU="
    },
    "sortablejs": {
      "version": "1.15.0",
      "resolved": "https://registry.npmjs.org/sortablejs/-/sortablejs-1.15.0.tgz",
      "integrity": "sha512-bv9qgVMjUMf89wAvM6AxVvS/4MX3sPeN0+agqShejLU5z5GX4C75ow1O2e5k4L6XItUyAK3gH6AxSbXrOM5e8w=="
    },
    "vexflow": {
      "version": "3.0.9",
      "resolved": "https://registry.npmjs.org/vexflow/-/vexflow-3.0.9.tgz",
      "integrity": "sha512-JzDUC3SZvyRxvALv0UrlgCJSH7WzNSShNjXK0rTWqDJscCcytrTWLT3LYtsDvby8qbszdaD708xOe9D79FLTFA=="
    },
    "vextab": {
      "version": "3.0.6",
      "resolved": "https://registry.npmjs.org/vextab/-/vextab-3.0.6.tgz",
      "integrity": "sha512-z1/y55QhI09EAPruxwx1+0xxXqVkXR2d7smHrE/2VSIJj+ANvtEMcx59Qs2hvAKDOrntLTt3TCw2MVozIJVsjg==",
      "requires": {
        "lodash": "^4.2.1",
        "vexflow": "^3.0.8"
      }
    }
  }
}
